
Microsoft Visual Studio Solution File, Format Version 12.00
# Visual Studio Version 17
VisualStudioVersion = 17.9.34728.123
MinimumVisualStudioVersion = 10.0.40219.1
Project("{FAE04EC0-301F-11D3-BF4B-00C04F79EFBC}") = "EncryptionDecryptionUsingSymmetricKey", "EncryptionDecryptionUsingSymmetricKey.csproj", "{58A9D42A-278C-47D9-A77D-1535A217F27C}"
EndProject
Global
	GlobalSection(SolutionConfigurationPlatforms) = preSolution
		Debug|Any CPU = Debug|Any CPU
		Release|Any CPU = Release|Any CPU
	EndGlobalSection
	GlobalSection(ProjectConfigurationPlatforms) = postSolution
		{58A9D42A-278C-47D9-A77D-1535A217F27C}.Debug|Any CPU.ActiveCfg = Debug|Any CPU
		{58A9D42A-278C-47D9-A77D-1535A217F27C}.Debug|Any CPU.Build.0 = Debug|Any CPU
		{58A9D42A-278C-47D9-A77D-1535A217F27C}.Release|Any CPU.ActiveCfg = Release|Any CPU
		{58A9D42A-278C-47D9-A77D-1535A217F27C}.Release|Any CPU.Build.0 = Release|Any CPU
	EndGlobalSection
	GlobalSection(SolutionProperties) = preSolution
		HideSolutionNode = FALSE
	EndGlobalSection
	GlobalSection(ExtensibilityGlobals) = postSolution
		SolutionGuid = {D0E3E016-1042-43EC-B54D-CD76E3F0792E}
	EndGlobalSection
EndGlobal
